
Microsoft Visual Studio Solution File, Format Version 12.00
# Visual Studio Version 17
VisualStudioVersion = 17.7.34031.279
MinimumVisualStudioVersion = 10.0.40219.1
Project("{9A19103F-16F7-4668-BE54-9A1E7A4F7556}") = "CreateWindow", "CreateWindow\CreateWindow.csproj", "{2DE4A22D-A024-4083-8470-EFDFDF905000}"
EndProject
Project("{9A19103F-16F7-4668-BE54-9A1E7A4F7556}") = "OpeningWindow", "OpeningWindow\OpeningWindow.csproj", "{C0504C6E-A812-4FB9-8DF7-CC535B2D5138}"
EndProject
Project("{9A19103F-16F7-4668-BE54-9A1E7A4F7556}") = "OwnerWindow", "OwnerWindow\OwnerWindow.csproj", "{24E7356C-209D-453A-A5C1-F371B23B5E6B}"
EndProject
Project("{9A19103F-16F7-4668-BE54-9A1E7A4F7556}") = "ActivateWindow", "ActivateWindow\ActivateWindow.csproj", "{E45CF215-966E-4043-AE8F-55F1CBF0719F}"
EndProject
Project("{9A19103F-16F7-4668-BE54-9A1E7A4F7556}") = "CloseWindow", "CloseWindow\CloseWindow.csproj", "{CF3880ED-F183-416D-A1A3-89237671C0E0}"
EndProject
Project("{9A19103F-16F7-4668-BE54-9A1E7A4F7556}") = "LifetimeWindow", "LifetimeWindow\LifetimeWindow.csproj", "{0BB26023-656B-44B0-A847-358489B59CDF}"
EndProject
Project("{FAE04EC0-301F-11D3-BF4B-00C04F79EFBC}") = "LocationWindow", "LocationWindow\LocationWindow.csproj", "{79E10952-0A23-462A-BE5A-50725B0ED15B}"
EndProject
Project("{FAE04EC0-301F-11D3-BF4B-00C04F79EFBC}") = "StateWindow", "StateWindow\StateWindow.csproj", "{388FEA99-3FD9-49E7-BA5D-427E9AF100B7}"
EndProject
Project("{FAE04EC0-301F-11D3-BF4B-00C04F79EFBC}") = "AppearenceWindow", "AppearenceWindow\AppearenceWindow.csproj", "{0C076546-4B73-4B0C-82BC-55CE252FFAAB}"
EndProject
Global
	GlobalSection(SolutionConfigurationPlatforms) = preSolution
		Debug|Any CPU = Debug|Any CPU
		Release|Any CPU = Release|Any CPU
	EndGlobalSection
	GlobalSection(ProjectConfigurationPlatforms) = postSolution
		{2DE4A22D-A024-4083-8470-EFDFDF905000}.Debug|Any CPU.ActiveCfg = Debug|Any CPU
		{2DE4A22D-A024-4083-8470-EFDFDF905000}.Debug|Any CPU.Build.0 = Debug|Any CPU
		{2DE4A22D-A024-4083-8470-EFDFDF905000}.Release|Any CPU.ActiveCfg = Release|Any CPU
		{2DE4A22D-A024-4083-8470-EFDFDF905000}.Release|Any CPU.Build.0 = Release|Any CPU
		{C0504C6E-A812-4FB9-8DF7-CC535B2D5138}.Debug|Any CPU.ActiveCfg = Debug|Any CPU
		{C0504C6E-A812-4FB9-8DF7-CC535B2D5138}.Debug|Any CPU.Build.0 = Debug|Any CPU
		{C0504C6E-A812-4FB9-8DF7-CC535B2D5138}.Release|Any CPU.ActiveCfg = Release|Any CPU
		{C0504C6E-A812-4FB9-8DF7-CC535B2D5138}.Release|Any CPU.Build.0 = Release|Any CPU
		{24E7356C-209D-453A-A5C1-F371B23B5E6B}.Debug|Any CPU.ActiveCfg = Debug|Any CPU
		{24E7356C-209D-453A-A5C1-F371B23B5E6B}.Debug|Any CPU.Build.0 = Debug|Any CPU
		{24E7356C-209D-453A-A5C1-F371B23B5E6B}.Release|Any CPU.ActiveCfg = Release|Any CPU
		{24E7356C-209D-453A-A5C1-F371B23B5E6B}.Release|Any CPU.Build.0 = Release|Any CPU
		{E45CF215-966E-4043-AE8F-55F1CBF0719F}.Debug|Any CPU.ActiveCfg = Debug|Any CPU
		{E45CF215-966E-4043-AE8F-55F1CBF0719F}.Debug|Any CPU.Build.0 = Debug|Any CPU
		{E45CF215-966E-4043-AE8F-55F1CBF0719F}.Release|Any CPU.ActiveCfg = Release|Any CPU
		{E45CF215-966E-4043-AE8F-55F1CBF0719F}.Release|Any CPU.Build.0 = Release|Any CPU
		{CF3880ED-F183-416D-A1A3-89237671C0E0}.Debug|Any CPU.ActiveCfg = Debug|Any CPU
		{CF3880ED-F183-416D-A1A3-89237671C0E0}.Debug|Any CPU.Build.0 = Debug|Any CPU
		{CF3880ED-F183-416D-A1A3-89237671C0E0}.Release|Any CPU.ActiveCfg = Release|Any CPU
		{CF3880ED-F183-416D-A1A3-89237671C0E0}.Release|Any CPU.Build.0 = Release|Any CPU
		{0BB26023-656B-44B0-A847-358489B59CDF}.Debug|Any CPU.ActiveCfg = Debug|Any CPU
		{0BB26023-656B-44B0-A847-358489B59CDF}.Debug|Any CPU.Build.0 = Debug|Any CPU
		{0BB26023-656B-44B0-A847-358489B59CDF}.Release|Any CPU.ActiveCfg = Release|Any CPU
		{0BB26023-656B-44B0-A847-358489B59CDF}.Release|Any CPU.Build.0 = Release|Any CPU
		{79E10952-0A23-462A-BE5A-50725B0ED15B}.Debug|Any CPU.ActiveCfg = Debug|Any CPU
		{79E10952-0A23-462A-BE5A-50725B0ED15B}.Debug|Any CPU.Build.0 = Debug|Any CPU
		{79E10952-0A23-462A-BE5A-50725B0ED15B}.Release|Any CPU.ActiveCfg = Release|Any CPU
		{79E10952-0A23-462A-BE5A-50725B0ED15B}.Release|Any CPU.Build.0 = Release|Any CPU
		{388FEA99-3FD9-49E7-BA5D-427E9AF100B7}.Debug|Any CPU.ActiveCfg = Debug|Any CPU
		{388FEA99-3FD9-49E7-BA5D-427E9AF100B7}.Debug|Any CPU.Build.0 = Debug|Any CPU
		{388FEA99-3FD9-49E7-BA5D-427E9AF100B7}.Release|Any CPU.ActiveCfg = Release|Any CPU
		{388FEA99-3FD9-49E7-BA5D-427E9AF100B7}.Release|Any CPU.Build.0 = Release|Any CPU
		{0C076546-4B73-4B0C-82BC-55CE252FFAAB}.Debug|Any CPU.ActiveCfg = Debug|Any CPU
		{0C076546-4B73-4B0C-82BC-55CE252FFAAB}.Debug|Any CPU.Build.0 = Debug|Any CPU
		{0C076546-4B73-4B0C-82BC-55CE252FFAAB}.Release|Any CPU.ActiveCfg = Release|Any CPU
		{0C076546-4B73-4B0C-82BC-55CE252FFAAB}.Release|Any CPU.Build.0 = Release|Any CPU
	EndGlobalSection
	GlobalSection(SolutionProperties) = preSolution
		HideSolutionNode = FALSE
	EndGlobalSection
	GlobalSection(ExtensibilityGlobals) = postSolution
		SolutionGuid = {430DC48E-57E7-4264-9127-629FE6CAC9BD}
	EndGlobalSection
EndGlobal
